{
  "name": "MomentJS-Age-Clock",
  "version": "1.0.0",
  "lockfileVersion": 1,
  "requires": true,
  "dependencies": {
    "moment": {
      "version": "2.18.1",
      "resolved": "https://registry.npmjs.org/moment/-/moment-2.18.1.tgz",
      "integrity": "sha1-w2GT3Tzhwu7SrbfIAtu8d6gbHA8="
    },
    "moment-precise-range-plugin": {
      "version": "1.2.3",
      "resolved": "https://registry.npmjs.org/moment-precise-range-plugin/-/moment-precise-range-plugin-1.2.3.tgz",
      "integrity": "sha1-Swik6pjMIZwiMQHL2N8U2vgV/og=",
      "requires": {
        "moment": "2.18.1"
      }
    }
  }
}
